{
  "name": "jstophp",
  "version": "0.2.7",
  "lockfileVersion": 1,
  "requires": true,
  "dependencies": {
    "escope": {
      "version": "1.0.3",
      "resolved": "https://registry.npmjs.org/escope/-/escope-1.0.3.tgz",
      "integrity": "sha1-dZ3OhJbEJI/sLQyq9BCLzz8af10=",
      "requires": {
        "estraverse": "2.0.0"
      }
    },
    "esprima": {
      "version": "1.2.5",
      "resolved": "https://registry.npmjs.org/esprima/-/esprima-1.2.5.tgz",
      "integrity": "sha1-CZNQL+r2aBODJXVvMPmlH+7sEek="
    },
    "estraverse": {
      "version": "2.0.0",
      "resolved": "https://registry.npmjs.org/estraverse/-/estraverse-2.0.0.tgz",
      "integrity": "sha1-WuRpYyQ2ACBmdMyySgnhZnT83KE="
    },
    "rocambole": {
      "version": "0.3.6",
      "resolved": "https://registry.npmjs.org/rocambole/-/rocambole-0.3.6.tgz",
      "integrity": "sha1-Teu/WUMUS8e2AG2Vvo+swLdDUqc=",
      "requires": {
        "esprima": "1.0.4"
      },
      "dependencies": {
        "esprima": {
          "version": "1.0.4",
          "resolved": "https://registry.npmjs.org/esprima/-/esprima-1.0.4.tgz",
          "integrity": "sha1-n1V+CPw7TSbs6d00+Pv0drYlha0="
        }
      }
    },
    "yargs": {
      "version": "1.3.3",
      "resolved": "https://registry.npmjs.org/yargs/-/yargs-1.3.3.tgz",
      "integrity": "sha1-BU3oth8i7v23IHBZ6u+da4P7kxo="
    }
  }
}
