# THIS IS AN AUTOGENERATED FILE. DO NOT EDIT THIS FILE DIRECTLY.
# yarn lockfile v1


"@prettier/plugin-php@^0.19.0":
  version "0.19.0"
  resolved "https://registry.yarnpkg.com/@prettier/plugin-php/-/plugin-php-0.19.0.tgz#b70bbfac172d6e76acf8a2376c8c8cdde70f0b75"
  integrity sha512-WWFd0KDcF1EHsLpxU7DvgHjxdyZSal3ykDaCL9DzJSyIBo9qfk11spJR2svrEc/38CZioYy/OtbdyoQ5YEGASA==
  dependencies:
    linguist-languages "^7.21.0"
    mem "^8.0.0"
    php-parser "3.1.0"

escope@^1.0.1:
  version "1.0.3"
  resolved "https://registry.yarnpkg.com/escope/-/escope-1.0.3.tgz#759dce8496c4248fec2d0caaf4108bcf3f1a7f5d"
  integrity sha1-dZ3OhJbEJI/sLQyq9BCLzz8af10=
  dependencies:
    estraverse "^2.0.0"

esprima@^2.1:
  version "2.7.3"
  resolved "https://registry.yarnpkg.com/esprima/-/esprima-2.7.3.tgz#96e3b70d5779f6ad49cd032673d1c312767ba581"
  integrity sha1-luO3DVd59q1JzQMmc9HDEnZ7pYE=

estraverse@^2.0.0:
  version "2.0.0"
  resolved "https://registry.yarnpkg.com/estraverse/-/estraverse-2.0.0.tgz#5ae46963243600206674ccb24a09e16674fcdca1"
  integrity sha1-WuRpYyQ2ACBmdMyySgnhZnT83KE=

linguist-languages@^7.21.0:
  version "7.21.0"
  resolved "https://registry.yarnpkg.com/linguist-languages/-/linguist-languages-7.21.0.tgz#da0184f622367cb092f1f8ba435937a85534f675"
  integrity sha512-KrWJJbFOvlDhjlt5OhUipVlXg+plUfRurICAyij1ZVxQcqPt/zeReb9KiUVdGUwwhS/2KS9h3TbyfYLA5MDlxQ==

map-age-cleaner@^0.1.3:
  version "0.1.3"
  resolved "https://registry.yarnpkg.com/map-age-cleaner/-/map-age-cleaner-0.1.3.tgz#7d583a7306434c055fe474b0f45078e6e1b4b92a"
  integrity sha512-bJzx6nMoP6PDLPBFmg7+xRKeFZvFboMrGlxmNj9ClvX53KrmvM5bXFXEWjbz4cz1AFn+jWJ9z/DJSz7hrs0w3w==
  dependencies:
    p-defer "^1.0.0"

mem@^8.0.0:
  version "8.1.1"
  resolved "https://registry.yarnpkg.com/mem/-/mem-8.1.1.tgz#cf118b357c65ab7b7e0817bdf00c8062297c0122"
  integrity sha512-qFCFUDs7U3b8mBDPyz5EToEKoAkgCzqquIgi9nkkR9bixxOVOre+09lbuH7+9Kn2NFpm56M3GUWVbU2hQgdACA==
  dependencies:
    map-age-cleaner "^0.1.3"
    mimic-fn "^3.1.0"

mimic-fn@^3.1.0:
  version "3.1.0"
  resolved "https://registry.yarnpkg.com/mimic-fn/-/mimic-fn-3.1.0.tgz#65755145bbf3e36954b949c16450427451d5ca74"
  integrity sha512-Ysbi9uYW9hFyfrThdDEQuykN4Ey6BuwPD2kpI5ES/nFTDn/98yxYNLZJcgUAKPT/mcrLLKaGzJR9YVxJrIdASQ==

p-defer@^1.0.0:
  version "1.0.0"
  resolved "https://registry.yarnpkg.com/p-defer/-/p-defer-1.0.0.tgz#9f6eb182f6c9aa8cd743004a7d4f96b196b0fb0c"
  integrity sha512-wB3wfAxZpk2AzOfUMJNL+d36xothRSyj8EXOa4f6GMqYDN9BJaaSISbsk+wS9abmnebVw95C2Kb5t85UmpCxuw==

php-parser@3.1.0:
  version "3.1.0"
  resolved "https://registry.yarnpkg.com/php-parser/-/php-parser-3.1.0.tgz#5ca8e0bac9846e85233a26e3162fdfc4fb9a0a58"
  integrity sha512-EwtoPSCqggAgTcPbV4YXsvUjYRQCZCxsQzxa7z8RX8rJ8bWAglMMi1tFNxdzwf5uNPFWFjHYhXA3REuWKzgMuw==

prettier@^2.7.1:
  version "2.7.1"
  resolved "https://registry.yarnpkg.com/prettier/-/prettier-2.7.1.tgz#e235806850d057f97bb08368a4f7d899f7760c64"
  integrity sha512-ujppO+MkdPqoVINuDFDRLClm7D78qbDt0/NR+wp5FqEZOoTNAjPHWj17QRhu7geIHJfcNhRk1XVQmF8Bp3ye+g==

rocambole@^0.7.0:
  version "0.7.0"
  resolved "https://registry.yarnpkg.com/rocambole/-/rocambole-0.7.0.tgz#f6c79505517dc42b6fb840842b8b953b0f968585"
  integrity sha1-9seVBVF9xCtvuECEK4uVOw+WhYU=
  dependencies:
    esprima "^2.1"

yargs@^1.3.2:
  version "1.3.3"
  resolved "https://registry.yarnpkg.com/yargs/-/yargs-1.3.3.tgz#054de8b61f22eefdb7207059eaef9d6b83fb931a"
  integrity sha1-BU3oth8i7v23IHBZ6u+da4P7kxo=
