# THIS IS AN AUTOGENERATED FILE. DO NOT EDIT THIS FILE DIRECTLY.
# yarn lockfile v1


escope@^1.0.1:
  version "1.0.3"
  resolved "https://registry.yarnpkg.com/escope/-/escope-1.0.3.tgz#759dce8496c4248fec2d0caaf4108bcf3f1a7f5d"
  integrity sha1-dZ3OhJbEJI/sLQyq9BCLzz8af10=
  dependencies:
    estraverse "^2.0.0"

esprima@^2.1:
  version "2.7.3"
  resolved "https://registry.yarnpkg.com/esprima/-/esprima-2.7.3.tgz#96e3b70d5779f6ad49cd032673d1c312767ba581"
  integrity sha1-luO3DVd59q1JzQMmc9HDEnZ7pYE=

estraverse@^2.0.0:
  version "2.0.0"
  resolved "https://registry.yarnpkg.com/estraverse/-/estraverse-2.0.0.tgz#5ae46963243600206674ccb24a09e16674fcdca1"
  integrity sha1-WuRpYyQ2ACBmdMyySgnhZnT83KE=

inherits@2.0.3:
  version "2.0.3"
  resolved "https://registry.yarnpkg.com/inherits/-/inherits-2.0.3.tgz#633c2c83e3da42a502f52466022480f4208261de"
  integrity sha512-x00IRNXNy63jwGkJmzPigoySHbaqpNuzKbBOmzK+g2OdZpQ9w+sxCN+VSB3ja7IAge2OP2qpfxTjeNcyjmW1uw==

path@^0.12.7:
  version "0.12.7"
  resolved "https://registry.yarnpkg.com/path/-/path-0.12.7.tgz#d4dc2a506c4ce2197eb481ebfcd5b36c0140b10f"
  integrity sha512-aXXC6s+1w7otVF9UletFkFcDsJeO7lSZBPUQhtb5O0xJe8LtYhj/GxldoL09bBj9+ZmE2hNoHqQSFMN5fikh4Q==
  dependencies:
    process "^0.11.1"
    util "^0.10.3"

prettier@^2.4.1:
  version "2.4.1"
  resolved "https://registry.yarnpkg.com/prettier/-/prettier-2.4.1.tgz#671e11c89c14a4cfc876ce564106c4a6726c9f5c"
  integrity sha512-9fbDAXSBcc6Bs1mZrDYb3XKzDLm4EXXL9sC1LqKP5rZkT6KRr/rf9amVUcODVXgguK/isJz0d0hP72WeaKWsvA==

process@^0.11.1:
  version "0.11.10"
  resolved "https://registry.yarnpkg.com/process/-/process-0.11.10.tgz#7332300e840161bda3e69a1d1d91a7d4bc16f182"
  integrity sha512-cdGef/drWFoydD1JsMzuFf8100nZl+GT+yacc2bEced5f9Rjk4z+WtFUTBu9PhOi9j/jfmBPu0mMEY4wIdAF8A==

rocambole@^0.7.0:
  version "0.7.0"
  resolved "https://registry.yarnpkg.com/rocambole/-/rocambole-0.7.0.tgz#f6c79505517dc42b6fb840842b8b953b0f968585"
  integrity sha1-9seVBVF9xCtvuECEK4uVOw+WhYU=
  dependencies:
    esprima "^2.1"

util@^0.10.3:
  version "0.10.4"
  resolved "https://registry.yarnpkg.com/util/-/util-0.10.4.tgz#3aa0125bfe668a4672de58857d3ace27ecb76901"
  integrity sha512-0Pm9hTQ3se5ll1XihRic3FDIku70C+iHUdT/W926rSgHV5QgXsYbKZN8MSC3tJtSkhuROzvsQjAaFENRXr+19A==
  dependencies:
    inherits "2.0.3"

yargs@^1.3.2:
  version "1.3.3"
  resolved "https://registry.yarnpkg.com/yargs/-/yargs-1.3.3.tgz#054de8b61f22eefdb7207059eaef9d6b83fb931a"
  integrity sha1-BU3oth8i7v23IHBZ6u+da4P7kxo=
